// !$*UTF8*$!
{
	archiveVersion = 1;
	classes = {
	};
	objectVersion = 50;
	objects = {

/* Begin PBXBuildFile section */
		E7CAA09E25DC700400262EF2 /* AppDelegate.swift in Sources */ = {isa = PBXBuildFile; fileRef = E7CAA09D25DC700400262EF2 /* AppDelegate.swift */; };
		E7CAA0A025DC700400262EF2 /* SceneDelegate.swift in Sources */ = {isa = PBXBuildFile; fileRef = E7CAA09F25DC700400262EF2 /* SceneDelegate.swift */; };
		E7CAA0A525DC700400262EF2 /* Main.storyboard in Resources */ = {isa = PBXBuildFile; fileRef = E7CAA0A325DC700400262EF2 /* Main.storyboard */; };
		E7CAA0A725DC700600262EF2 /* Assets.xcassets in Resources */ = {isa = PBXBuildFile; fileRef = E7CAA0A625DC700600262EF2 /* Assets.xcassets */; };
		E7CAA0AA25DC700600262EF2 /* LaunchScreen.storyboard in Resources */ = {isa = PBXBuildFile; fileRef = E7CAA0A825DC700600262EF2 /* LaunchScreen.storyboard */; };
		E7CAA0BC25DC75DF00262EF2 /* Person.swift in Sources */ = {isa = PBXBuildFile; fileRef = E7CAA0BB25DC75DF00262EF2 /* Person.swift */; };
		E7CAA0C025DC7EB500262EF2 /* MainTabBarController.swift in Sources */ = {isa = PBXBuildFile; fileRef = E7CAA0BF25DC7EB500262EF2 /* MainTabBarController.swift */; };
		E7CAA0C525DC7FB800262EF2 /* DataManager.swift in Sources */ = {isa = PBXBuildFile; fileRef = E7CAA0C425DC7FB800262EF2 /* DataManager.swift */; };
		E7CAA0CC25DC8DE300262EF2 /* FirstContactListTableViewController.swift in Sources */ = {isa = PBXBuildFile; fileRef = E7CAA0CB25DC8DE300262EF2 /* FirstContactListTableViewController.swift */; };
		E7CAA0D225DCA52E00262EF2 /* ContactDetailsViewController.swift in Sources */ = {isa = PBXBuildFile; fileRef = E7CAA0D125DCA52E00262EF2 /* ContactDetailsViewController.swift */; };
		E7CAA0D625DDC12000262EF2 /* SecondContactListTableViewController.swift in Sources */ = {isa = PBXBuildFile; fileRef = E7CAA0D525DDC12000262EF2 /* SecondContactListTableViewController.swift */; };
/* End PBXBuildFile section */

/* Begin PBXFileReference section */
		E7CAA09A25DC700400262EF2 /* HomeWork7.app */ = {isa = PBXFileReference; explicitFileType = wrapper.application; includeInIndex = 0; path = HomeWork7.app; sourceTree = BUILT_PRODUCTS_DIR; };
		E7CAA09D25DC700400262EF2 /* AppDelegate.swift */ = {isa = PBXFileReference; lastKnownFileType = sourcecode.swift; path = AppDelegate.swift; sourceTree = "<group>"; };
		E7CAA09F25DC700400262EF2 /* SceneDelegate.swift */ = {isa = PBXFileReference; lastKnownFileType = sourcecode.swift; path = SceneDelegate.swift; sourceTree = "<group>"; };
		E7CAA0A425DC700400262EF2 /* Base */ = {isa = PBXFileReference; lastKnownFileType = file.storyboard; name = Base; path = Base.lproj/Main.storyboard; sourceTree = "<group>"; };
		E7CAA0A625DC700600262EF2 /* Assets.xcassets */ = {isa = PBXFileReference; lastKnownFileType = folder.assetcatalog; path = Assets.xcassets; sourceTree = "<group>"; };
		E7CAA0A925DC700600262EF2 /* Base */ = {isa = PBXFileReference; lastKnownFileType = file.storyboard; name = Base; path = Base.lproj/LaunchScreen.storyboard; sourceTree = "<group>"; };
		E7CAA0AB25DC700600262EF2 /* Info.plist */ = {isa = PBXFileReference; lastKnownFileType = text.plist.xml; path = Info.plist; sourceTree = "<group>"; };
		E7CAA0BB25DC75DF00262EF2 /* Person.swift */ = {isa = PBXFileReference; lastKnownFileType = sourcecode.swift; path = Person.swift; sourceTree = "<group>"; };
		E7CAA0BF25DC7EB500262EF2 /* MainTabBarController.swift */ = {isa = PBXFileReference; lastKnownFileType = sourcecode.swift; path = MainTabBarController.swift; sourceTree = "<group>"; };
		E7CAA0C425DC7FB800262EF2 /* DataManager.swift */ = {isa = PBXFileReference; lastKnownFileType = sourcecode.swift; path = DataManager.swift; sourceTree = "<group>"; };
		E7CAA0CB25DC8DE300262EF2 /* FirstContactListTableViewController.swift */ = {isa = PBXFileReference; lastKnownFileType = sourcecode.swift; path = FirstContactListTableViewController.swift; sourceTree = "<group>"; };
		E7CAA0D125DCA52E00262EF2 /* ContactDetailsViewController.swift */ = {isa = PBXFileReference; lastKnownFileType = sourcecode.swift; path = ContactDetailsViewController.swift; sourceTree = "<group>"; };
		E7CAA0D525DDC12000262EF2 /* SecondContactListTableViewController.swift */ = {isa = PBXFileReference; lastKnownFileType = sourcecode.swift; path = SecondContactListTableViewController.swift; sourceTree = "<group>"; };
/* End PBXFileReference section */

/* Begin PBXFrameworksBuildPhase section */
		E7CAA09725DC700400262EF2 /* Frameworks */ = {
			isa = PBXFrameworksBuildPhase;
			buildActionMask = 2147483647;
			files = (
			);
			runOnlyForDeploymentPostprocessing = 0;
		};
/* End PBXFrameworksBuildPhase section */

/* Begin PBXGroup section */
		E7CAA09125DC700400262EF2 = {
			isa = PBXGroup;
			children = (
				E7CAA09C25DC700400262EF2 /* HomeWork7 */,
				E7CAA09B25DC700400262EF2 /* Products */,
			);
			sourceTree = "<group>";
		};
		E7CAA09B25DC700400262EF2 /* Products */ = {
			isa = PBXGroup;
			children = (
				E7CAA09A25DC700400262EF2 /* HomeWork7.app */,
			);
			name = Products;
			sourceTree = "<group>";
		};
		E7CAA09C25DC700400262EF2 /* HomeWork7 */ = {
			isa = PBXGroup;
			children = (
				E7CAA0B725DC74FD00262EF2 /* ViewControllers */,
				E7CAA0BA25DC75BB00262EF2 /* Models */,
				E7CAA0B625DC74F200262EF2 /* Storyboards */,
				E7CAA0B325DC74DA00262EF2 /* SupportingFiles */,
				E7CAA0B225DC745900262EF2 /* Resources */,
			);
			path = HomeWork7;
			sourceTree = "<group>";
		};
		E7CAA0B225DC745900262EF2 /* Resources */ = {
			isa = PBXGroup;
			children = (
				E7CAA0A625DC700600262EF2 /* Assets.xcassets */,
			);
			path = Resources;
			sourceTree = "<group>";
		};
		E7CAA0B325DC74DA00262EF2 /* SupportingFiles */ = {
			isa = PBXGroup;
			children = (
				E7CAA09D25DC700400262EF2 /* AppDelegate.swift */,
				E7CAA09F25DC700400262EF2 /* SceneDelegate.swift */,
				E7CAA0AB25DC700600262EF2 /* Info.plist */,
			);
			path = SupportingFiles;
			sourceTree = "<group>";
		};
		E7CAA0B625DC74F200262EF2 /* Storyboards */ = {
			isa = PBXGroup;
			children = (
				E7CAA0A325DC700400262EF2 /* Main.storyboard */,
				E7CAA0A825DC700600262EF2 /* LaunchScreen.storyboard */,
			);
			path = Storyboards;
			sourceTree = "<group>";
		};
		E7CAA0B725DC74FD00262EF2 /* ViewControllers */ = {
			isa = PBXGroup;
			children = (
				E7CAA0BF25DC7EB500262EF2 /* MainTabBarController.swift */,
				E7CAA0D125DCA52E00262EF2 /* ContactDetailsViewController.swift */,
				E7CAA0CB25DC8DE300262EF2 /* FirstContactListTableViewController.swift */,
				E7CAA0D525DDC12000262EF2 /* SecondContactListTableViewController.swift */,
			);
			path = ViewControllers;
			sourceTree = "<group>";
		};
		E7CAA0BA25DC75BB00262EF2 /* Models */ = {
			isa = PBXGroup;
			children = (
				E7CAA0BB25DC75DF00262EF2 /* Person.swift */,
				E7CAA0C425DC7FB800262EF2 /* DataManager.swift */,
			);
			path = Models;
			sourceTree = "<group>";
		};
/* End PBXGroup section */

/* Begin PBXNativeTarget section */
		E7CAA09925DC700400262EF2 /* HomeWork7 */ = {
			isa = PBXNativeTarget;
			buildConfigurationList = E7CAA0AE25DC700600262EF2 /* Build configuration list for PBXNativeTarget "HomeWork7" */;
			buildPhases = (
				E7CAA09625DC700400262EF2 /* Sources */,
				E7CAA09725DC700400262EF2 /* Frameworks */,
				E7CAA09825DC700400262EF2 /* Resources */,
			);
			buildRules = (
			);
			dependencies = (
			);
			name = HomeWork7;
			productName = HomeWork7;
			productReference = E7CAA09A25DC700400262EF2 /* HomeWork7.app */;
			productType = "com.apple.product-type.application";
		};
/* End PBXNativeTarget section */

/* Begin PBXProject section */
		E7CAA09225DC700400262EF2 /* Project object */ = {
			isa = PBXProject;
			attributes = {
				LastSwiftUpdateCheck = 1240;
				LastUpgradeCheck = 1240;
				TargetAttributes = {
					E7CAA09925DC700400262EF2 = {
						CreatedOnToolsVersion = 12.4;
					};
				};
			};
			buildConfigurationList = E7CAA09525DC700400262EF2 /* Build configuration list for PBXProject "HomeWork7" */;
			compatibilityVersion = "Xcode 9.3";
			developmentRegion = en;
			hasScannedForEncodings = 0;
			knownRegions = (
				en,
				Base,
			);
			mainGroup = E7CAA09125DC700400262EF2;
			productRefGroup = E7CAA09B25DC700400262EF2 /* Products */;
			projectDirPath = "";
			projectRoot = "";
			targets = (
				E7CAA09925DC700400262EF2 /* HomeWork7 */,
			);
		};
/* End PBXProject section */

/* Begin PBXResourcesBuildPhase section */
		E7CAA09825DC700400262EF2 /* Resources */ = {
			isa = PBXResourcesBuildPhase;
			buildActionMask = 2147483647;
			files = (
				E7CAA0AA25DC700600262EF2 /* LaunchScreen.storyboard in Resources */,
				E7CAA0A725DC700600262EF2 /* Assets.xcassets in Resources */,
				E7CAA0A525DC700400262EF2 /* Main.storyboard in Resources */,
			);
			runOnlyForDeploymentPostprocessing = 0;
		};
/* End PBXResourcesBuildPhase section */

/* Begin PBXSourcesBuildPhase section */
		E7CAA09625DC700400262EF2 /* Sources */ = {
			isa = PBXSourcesBuildPhase;
			buildActionMask = 2147483647;
			files = (
				E7CAA0D625DDC12000262EF2 /* SecondContactListTableViewController.swift in Sources */,
				E7CAA09E25DC700400262EF2 /* AppDelegate.swift in Sources */,
				E7CAA0D225DCA52E00262EF2 /* ContactDetailsViewController.swift in Sources */,
				E7CAA0C525DC7FB800262EF2 /* DataManager.swift in Sources */,
				E7CAA0C025DC7EB500262EF2 /* MainTabBarController.swift in Sources */,
				E7CAA0BC25DC75DF00262EF2 /* Person.swift in Sources */,
				E7CAA0CC25DC8DE300262EF2 /* FirstContactListTableViewController.swift in Sources */,
				E7CAA0A025DC700400262EF2 /* SceneDelegate.swift in Sources */,
			);
			runOnlyForDeploymentPostprocessing = 0;
		};
/* End PBXSourcesBuildPhase section */

/* Begin PBXVariantGroup section */
		E7CAA0A325DC700400262EF2 /* Main.storyboard */ = {
			isa = PBXVariantGroup;
			children = (
				E7CAA0A425DC700400262EF2 /* Base */,
			);
			name = Main.storyboard;
			sourceTree = "<group>";
		};
		E7CAA0A825DC700600262EF2 /* LaunchScreen.storyboard */ = {
			isa = PBXVariantGroup;
			children = (
				E7CAA0A925DC700600262EF2 /* Base */,
			);
			name = LaunchScreen.storyboard;
			sourceTree = "<group>";
		};
/* End PBXVariantGroup section */

/* Begin XCBuildConfiguration section */
		E7CAA0AC25DC700600262EF2 /* Debug */ = {
			isa = XCBuildConfiguration;
			buildSettings = {
				ALWAYS_SEARCH_USER_PATHS = NO;
				CLANG_ANALYZER_NONNULL = YES;
				CLANG_ANALYZER_NUMBER_OBJECT_CONVERSION = YES_AGGRESSIVE;
				CLANG_CXX_LANGUAGE_STANDARD = "gnu++14";
				CLANG_CXX_LIBRARY = "libc++";
				CLANG_ENABLE_MODULES = YES;
				CLANG_ENABLE_OBJC_ARC = YES;
				CLANG_ENABLE_OBJC_WEAK = YES;
				CLANG_WARN_BLOCK_CAPTURE_AUTORELEASING = YES;
				CLANG_WARN_BOOL_CONVERSION = YES;
				CLANG_WARN_COMMA = YES;
				CLANG_WARN_CONSTANT_CONVERSION = YES;
				CLANG_WARN_DEPRECATED_OBJC_IMPLEMENTATIONS = YES;
				CLANG_WARN_DIRECT_OBJC_ISA_USAGE = YES_ERROR;
				CLANG_WARN_DOCUMENTATION_COMMENTS = YES;
				CLANG_WARN_EMPTY_BODY = YES;
				CLANG_WARN_ENUM_CONVERSION = YES;
				CLANG_WARN_INFINITE_RECURSION = YES;
				CLANG_WARN_INT_CONVERSION = YES;
				CLANG_WARN_NON_LITERAL_NULL_CONVERSION = YES;
				CLANG_WARN_OBJC_IMPLICIT_RETAIN_SELF = YES;
				CLANG_WARN_OBJC_LITERAL_CONVERSION = YES;
				CLANG_WARN_OBJC_ROOT_CLASS = YES_ERROR;
				CLANG_WARN_QUOTED_INCLUDE_IN_FRAMEWORK_HEADER = YES;
				CLANG_WARN_RANGE_LOOP_ANALYSIS = YES;
				CLANG_WARN_STRICT_PROTOTYPES = YES;
				CLANG_WARN_SUSPICIOUS_MOVE = YES;
				CLANG_WARN_UNGUARDED_AVAILABILITY = YES_AGGRESSIVE;
				CLANG_WARN_UNREACHABLE_CODE = YES;
				CLANG_WARN__DUPLICATE_METHOD_MATCH = YES;
				COPY_PHASE_STRIP = NO;
				DEBUG_INFORMATION_FORMAT = dwarf;
				ENABLE_STRICT_OBJC_MSGSEND = YES;
				ENABLE_TESTABILITY = YES;
				GCC_C_LANGUAGE_STANDARD = gnu11;
				GCC_DYNAMIC_NO_PIC = NO;
				GCC_NO_COMMON_BLOCKS = YES;
				GCC_OPTIMIZATION_LEVEL = 0;
				GCC_PREPROCESSOR_DEFINITIONS = (
					"DEBUG=1",
					"$(inherited)",
				);
				GCC_WARN_64_TO_32_BIT_CONVERSION = YES;
				GCC_WARN_ABOUT_RETURN_TYPE = YES_ERROR;
				GCC_WARN_UNDECLARED_SELECTOR = YES;
				GCC_WARN_UNINITIALIZED_AUTOS = YES_AGGRESSIVE;
				GCC_WARN_UNUSED_FUNCTION = YES;
				GCC_WARN_UNUSED_VARIABLE = YES;
				IPHONEOS_DEPLOYMENT_TARGET = 14.4;
				MTL_ENABLE_DEBUG_INFO = INCLUDE_SOURCE;
				MTL_FAST_MATH = YES;
				ONLY_ACTIVE_ARCH = YES;
				SDKROOT = iphoneos;
				SWIFT_ACTIVE_COMPILATION_CONDITIONS = DEBUG;
				SWIFT_OPTIMIZATION_LEVEL = "-Onone";
			};
			name = Debug;
		};
		E7CAA0AD25DC700600262EF2 /* Release */ = {
			isa = XCBuildConfiguration;
			buildSettings = {
				ALWAYS_SEARCH_USER_PATHS = NO;
				CLANG_ANALYZER_NONNULL = YES;
				CLANG_ANALYZER_NUMBER_OBJECT_CONVERSION = YES_AGGRESSIVE;
				CLANG_CXX_LANGUAGE_STANDARD = "gnu++14";
				CLANG_CXX_LIBRARY = "libc++";
				CLANG_ENABLE_MODULES = YES;
				CLANG_ENABLE_OBJC_ARC = YES;
				CLANG_ENABLE_OBJC_WEAK = YES;
				CLANG_WARN_BLOCK_CAPTURE_AUTORELEASING = YES;
				CLANG_WARN_BOOL_CONVERSION = YES;
				CLANG_WARN_COMMA = YES;
				CLANG_WARN_CONSTANT_CONVERSION = YES;
				CLANG_WARN_DEPRECATED_OBJC_IMPLEMENTATIONS = YES;
				CLANG_WARN_DIRECT_OBJC_ISA_USAGE = YES_ERROR;
				CLANG_WARN_DOCUMENTATION_COMMENTS = YES;
				CLANG_WARN_EMPTY_BODY = YES;
				CLANG_WARN_ENUM_CONVERSION = YES;
				CLANG_WARN_INFINITE_RECURSION = YES;
				CLANG_WARN_INT_CONVERSION = YES;
				CLANG_WARN_NON_LITERAL_NULL_CONVERSION = YES;
				CLANG_WARN_OBJC_IMPLICIT_RETAIN_SELF = YES;
				CLANG_WARN_OBJC_LITERAL_CONVERSION = YES;
				CLANG_WARN_OBJC_ROOT_CLASS = YES_ERROR;
				CLANG_WARN_QUOTED_INCLUDE_IN_FRAMEWORK_HEADER = YES;
				CLANG_WARN_RANGE_LOOP_ANALYSIS = YES;
				CLANG_WARN_STRICT_PROTOTYPES = YES;
				CLANG_WARN_SUSPICIOUS_MOVE = YES;
				CLANG_WARN_UNGUARDED_AVAILABILITY = YES_AGGRESSIVE;
				CLANG_WARN_UNREACHABLE_CODE = YES;
				CLANG_WARN__DUPLICATE_METHOD_MATCH = YES;
				COPY_PHASE_STRIP = NO;
				DEBUG_INFORMATION_FORMAT = "dwarf-with-dsym";
				ENABLE_NS_ASSERTIONS = NO;
				ENABLE_STRICT_OBJC_MSGSEND = YES;
				GCC_C_LANGUAGE_STANDARD = gnu11;
				GCC_NO_COMMON_BLOCKS = YES;
				GCC_WARN_64_TO_32_BIT_CONVERSION = YES;
				GCC_WARN_ABOUT_RETURN_TYPE = YES_ERROR;
				GCC_WARN_UNDECLARED_SELECTOR = YES;
				GCC_WARN_UNINITIALIZED_AUTOS = YES_AGGRESSIVE;
				GCC_WARN_UNUSED_FUNCTION = YES;
				GCC_WARN_UNUSED_VARIABLE = YES;
				IPHONEOS_DEPLOYMENT_TARGET = 14.4;
				MTL_ENABLE_DEBUG_INFO = NO;
				MTL_FAST_MATH = YES;
				SDKROOT = iphoneos;
				SWIFT_COMPILATION_MODE = wholemodule;
				SWIFT_OPTIMIZATION_LEVEL = "-O";
				VALIDATE_PRODUCT = YES;
			};
			name = Release;
		};
		E7CAA0AF25DC700600262EF2 /* Debug */ = {
			isa = XCBuildConfiguration;
			buildSettings = {
				ASSETCATALOG_COMPILER_APPICON_NAME = AppIcon;
				ASSETCATALOG_COMPILER_GLOBAL_ACCENT_COLOR_NAME = AccentColor;
				CODE_SIGN_STYLE = Automatic;
				DEVELOPMENT_TEAM = ZG8HC24927;
				INFOPLIST_FILE = HomeWork7/SupportingFiles/Info.plist;
				LD_RUNPATH_SEARCH_PATHS = (
					"$(inherited)",
					"@executable_path/Frameworks",
				);
				PRODUCT_BUNDLE_IDENTIFIER = suslov.aleksey.HomeWork7;
				PRODUCT_NAME = "$(TARGET_NAME)";
				SWIFT_VERSION = 5.0;
				TARGETED_DEVICE_FAMILY = "1,2";
			};
			name = Debug;
		};
		E7CAA0B025DC700600262EF2 /* Release */ = {
			isa = XCBuildConfiguration;
			buildSettings = {
				ASSETCATALOG_COMPILER_APPICON_NAME = AppIcon;
				ASSETCATALOG_COMPILER_GLOBAL_ACCENT_COLOR_NAME = AccentColor;
				CODE_SIGN_STYLE = Automatic;
				DEVELOPMENT_TEAM = ZG8HC24927;
				INFOPLIST_FILE = HomeWork7/SupportingFiles/Info.plist;
				LD_RUNPATH_SEARCH_PATHS = (
					"$(inherited)",
					"@executable_path/Frameworks",
				);
				PRODUCT_BUNDLE_IDENTIFIER = suslov.aleksey.HomeWork7;
				PRODUCT_NAME = "$(TARGET_NAME)";
				SWIFT_VERSION = 5.0;
				TARGETED_DEVICE_FAMILY = "1,2";
			};
			name = Release;
		};
/* End XCBuildConfiguration section */

/* Begin XCConfigurationList section */
		E7CAA09525DC700400262EF2 /* Build configuration list for PBXProject "HomeWork7" */ = {
			isa = XCConfigurationList;
			buildConfigurations = (
				E7CAA0AC25DC700600262EF2 /* Debug */,
				E7CAA0AD25DC700600262EF2 /* Release */,
			);
			defaultConfigurationIsVisible = 0;
			defaultConfigurationName = Release;
		};
		E7CAA0AE25DC700600262EF2 /* Build configuration list for PBXNativeTarget "HomeWork7" */ = {
			isa = XCConfigurationList;
			buildConfigurations = (
				E7CAA0AF25DC700600262EF2 /* Debug */,
				E7CAA0B025DC700600262EF2 /* Release */,
			);
			defaultConfigurationIsVisible = 0;
			defaultConfigurationName = Release;
		};
/* End XCConfigurationList section */
	};
	rootObject = E7CAA09225DC700400262EF2 /* Project object */;
}
